{
  "nodes": {
    "nix-darwin": {
      "inputs": {
        "nixpkgs": [
          "nixpkgs"
        ]
      },
      "locked": {
        "lastModified": 1718305085,
        "narHash": "sha256-Ft0v0tbnNeWqYuZT68z9nuyJO2N8V7Xf65MiZbeWv4A=",
        "owner": "LnL7",
        "repo": "nix-darwin",
        "rev": "b2ee0b3c03b06bd70e4280c65ab8803c3456bb0f",
        "type": "github"
      },
      "original": {
        "owner": "LnL7",
        "repo": "nix-darwin",
        "type": "github"
      }
    },
    "nixpkgs": {
      "locked": {
        "lastModified": 1718149104,
        "narHash": "sha256-Ds1QpobBX2yoUDx9ZruqVGJ/uQPgcXoYuobBguyKEh8=",
        "owner": "NixOS",
        "repo": "nixpkgs",
        "rev": "e913ae340076bbb73d9f4d3d065c2bca7caafb16",
        "type": "github"
      },
      "original": {
        "owner": "NixOS",
        "ref": "nixpkgs-unstable",
        "repo": "nixpkgs",
        "type": "github"
      }
    },
    "root": {
      "inputs": {
        "nix-darwin": "nix-darwin",
        "nixpkgs": "nixpkgs"
      }
    }
  },
  "root": "root",
  "version": 7
}
